// !$*UTF8*$!
{
	archiveVersion = 1;
	classes = {
	};
	objectVersion = 55;
	objects = {

/* Begin PBXBuildFile section */
		15CDD25E017631EB44F40CFB /* Pods_MVP_test_projectTests.framework in Frameworks */ = {isa = PBXBuildFile; fileRef = 182881CACD1EB98D75774DFD /* Pods_MVP_test_projectTests.framework */; };
		2584CBB3272FEE0900F86AE9 /* DatabaseService.swift in Sources */ = {isa = PBXBuildFile; fileRef = 2584CBB2272FEE0900F86AE9 /* DatabaseService.swift */; };
		2584CBB6272FEE2F00F86AE9 /* Movies.xcdatamodeld in Sources */ = {isa = PBXBuildFile; fileRef = 2584CBB4272FEE2F00F86AE9 /* Movies.xcdatamodeld */; };
		2584CBB82730043B00F86AE9 /* Reachability.swift in Sources */ = {isa = PBXBuildFile; fileRef = 2584CBB72730043B00F86AE9 /* Reachability.swift */; };
		25B837F0272DB893000C4481 /* Constants.swift in Sources */ = {isa = PBXBuildFile; fileRef = 25B837EF272DB893000C4481 /* Constants.swift */; };
		25B837F3272DBF6E000C4481 /* DetailsViewController.swift in Sources */ = {isa = PBXBuildFile; fileRef = 25B837F2272DBF6E000C4481 /* DetailsViewController.swift */; };
		25B837F5272DBF77000C4481 /* DetailsViewModel.swift in Sources */ = {isa = PBXBuildFile; fileRef = 25B837F4272DBF77000C4481 /* DetailsViewModel.swift */; };
		25B837F7272DBF7F000C4481 /* DetailsService.swift in Sources */ = {isa = PBXBuildFile; fileRef = 25B837F6272DBF7F000C4481 /* DetailsService.swift */; };
		25B837FB272DC9EE000C4481 /* Assets.xcassets in Resources */ = {isa = PBXBuildFile; fileRef = 25B837FA272DC9EE000C4481 /* Assets.xcassets */; };
		25DC1458272DB534000413FD /* AppDelegate.swift in Sources */ = {isa = PBXBuildFile; fileRef = 25DC1457272DB534000413FD /* AppDelegate.swift */; };
		25DC145A272DB534000413FD /* SceneDelegate.swift in Sources */ = {isa = PBXBuildFile; fileRef = 25DC1459272DB534000413FD /* SceneDelegate.swift */; };
		25DC145C272DB534000413FD /* MovieListViewController.swift in Sources */ = {isa = PBXBuildFile; fileRef = 25DC145B272DB534000413FD /* MovieListViewController.swift */; };
		25DC145F272DB534000413FD /* Main.storyboard in Resources */ = {isa = PBXBuildFile; fileRef = 25DC145D272DB534000413FD /* Main.storyboard */; };
		25DC1464272DB537000413FD /* LaunchScreen.storyboard in Resources */ = {isa = PBXBuildFile; fileRef = 25DC1462272DB537000413FD /* LaunchScreen.storyboard */; };
		25DC146F272DB537000413FD /* MVP_test_projectTests.swift in Sources */ = {isa = PBXBuildFile; fileRef = 25DC146E272DB537000413FD /* MVP_test_projectTests.swift */; };
		25DC1479272DB537000413FD /* MVP_test_projectUITests.swift in Sources */ = {isa = PBXBuildFile; fileRef = 25DC1478272DB537000413FD /* MVP_test_projectUITests.swift */; };
		25DC147B272DB537000413FD /* MVP_test_projectUITestsLaunchTests.swift in Sources */ = {isa = PBXBuildFile; fileRef = 25DC147A272DB537000413FD /* MVP_test_projectUITestsLaunchTests.swift */; };
		25DC148C272DB56D000413FD /* Movie.swift in Sources */ = {isa = PBXBuildFile; fileRef = 25DC148B272DB56D000413FD /* Movie.swift */; };
		25DC1490272DB574000413FD /* APIMapping.swift in Sources */ = {isa = PBXBuildFile; fileRef = 25DC148E272DB574000413FD /* APIMapping.swift */; };
		25DC1491272DB574000413FD /* NetworkService.swift in Sources */ = {isa = PBXBuildFile; fileRef = 25DC148F272DB574000413FD /* NetworkService.swift */; };
		25DC1493272DB59A000413FD /* MovieListViewModel.swift in Sources */ = {isa = PBXBuildFile; fileRef = 25DC1492272DB59A000413FD /* MovieListViewModel.swift */; };
		25DC1497272DB5B2000413FD /* MovieService.swift in Sources */ = {isa = PBXBuildFile; fileRef = 25DC1495272DB5B2000413FD /* MovieService.swift */; };
		25DC1498272DB5B2000413FD /* MovieCell.swift in Sources */ = {isa = PBXBuildFile; fileRef = 25DC1496272DB5B2000413FD /* MovieCell.swift */; };
		86BE48BF0CD849F58EE3E02A /* Pods_MVP_test_project.framework in Frameworks */ = {isa = PBXBuildFile; fileRef = 15C022CBD578BA1E0E10B5E3 /* Pods_MVP_test_project.framework */; };
		872AF31B674457A14F56DEEA /* Pods_MVP_test_project_MVP_test_projectUITests.framework in Frameworks */ = {isa = PBXBuildFile; fileRef = 5F6B33E7CCB41ED1E0CD809A /* Pods_MVP_test_project_MVP_test_projectUITests.framework */; };
/* End PBXBuildFile section */

/* Begin PBXContainerItemProxy section */
		25DC146B272DB537000413FD /* PBXContainerItemProxy */ = {
			isa = PBXContainerItemProxy;
			containerPortal = 25DC144C272DB534000413FD /* Project object */;
			proxyType = 1;
			remoteGlobalIDString = 25DC1453272DB534000413FD;
			remoteInfo = "MVP test-project";
		};
		25DC1475272DB537000413FD /* PBXContainerItemProxy */ = {
			isa = PBXContainerItemProxy;
			containerPortal = 25DC144C272DB534000413FD /* Project object */;
			proxyType = 1;
			remoteGlobalIDString = 25DC1453272DB534000413FD;
			remoteInfo = "MVP test-project";
		};
/* End PBXContainerItemProxy section */

/* Begin PBXFileReference section */
		04225D2C5AF322F31350DC94 /* Pods-MVP test-projectTests.release.xcconfig */ = {isa = PBXFileReference; includeInIndex = 1; lastKnownFileType = text.xcconfig; name = "Pods-MVP test-projectTests.release.xcconfig"; path = "Target Support Files/Pods-MVP test-projectTests/Pods-MVP test-projectTests.release.xcconfig"; sourceTree = "<group>"; };
		15C022CBD578BA1E0E10B5E3 /* Pods_MVP_test_project.framework */ = {isa = PBXFileReference; explicitFileType = wrapper.framework; includeInIndex = 0; path = Pods_MVP_test_project.framework; sourceTree = BUILT_PRODUCTS_DIR; };
		182881CACD1EB98D75774DFD /* Pods_MVP_test_projectTests.framework */ = {isa = PBXFileReference; explicitFileType = wrapper.framework; includeInIndex = 0; path = Pods_MVP_test_projectTests.framework; sourceTree = BUILT_PRODUCTS_DIR; };
		2584CBB2272FEE0900F86AE9 /* DatabaseService.swift */ = {isa = PBXFileReference; lastKnownFileType = sourcecode.swift; path = DatabaseService.swift; sourceTree = "<group>"; };
		2584CBB5272FEE2F00F86AE9 /* Model.xcdatamodel */ = {isa = PBXFileReference; lastKnownFileType = wrapper.xcdatamodel; path = Model.xcdatamodel; sourceTree = "<group>"; };
		2584CBB72730043B00F86AE9 /* Reachability.swift */ = {isa = PBXFileReference; lastKnownFileType = sourcecode.swift; path = Reachability.swift; sourceTree = "<group>"; };
		25B837EF272DB893000C4481 /* Constants.swift */ = {isa = PBXFileReference; fileEncoding = 4; lastKnownFileType = sourcecode.swift; path = Constants.swift; sourceTree = "<group>"; };
		25B837F2272DBF6E000C4481 /* DetailsViewController.swift */ = {isa = PBXFileReference; lastKnownFileType = sourcecode.swift; path = DetailsViewController.swift; sourceTree = "<group>"; };
		25B837F4272DBF77000C4481 /* DetailsViewModel.swift */ = {isa = PBXFileReference; lastKnownFileType = sourcecode.swift; path = DetailsViewModel.swift; sourceTree = "<group>"; };
		25B837F6272DBF7F000C4481 /* DetailsService.swift */ = {isa = PBXFileReference; lastKnownFileType = sourcecode.swift; path = DetailsService.swift; sourceTree = "<group>"; };
		25B837FA272DC9EE000C4481 /* Assets.xcassets */ = {isa = PBXFileReference; lastKnownFileType = folder.assetcatalog; path = Assets.xcassets; sourceTree = "<group>"; };
		25DC1454272DB534000413FD /* MVP test-project.app */ = {isa = PBXFileReference; explicitFileType = wrapper.application; includeInIndex = 0; path = "MVP test-project.app"; sourceTree = BUILT_PRODUCTS_DIR; };
		25DC1457272DB534000413FD /* AppDelegate.swift */ = {isa = PBXFileReference; lastKnownFileType = sourcecode.swift; path = AppDelegate.swift; sourceTree = "<group>"; };
		25DC1459272DB534000413FD /* SceneDelegate.swift */ = {isa = PBXFileReference; lastKnownFileType = sourcecode.swift; path = SceneDelegate.swift; sourceTree = "<group>"; };
		25DC145B272DB534000413FD /* MovieListViewController.swift */ = {isa = PBXFileReference; lastKnownFileType = sourcecode.swift; path = MovieListViewController.swift; sourceTree = "<group>"; };
		25DC145E272DB534000413FD /* Base */ = {isa = PBXFileReference; lastKnownFileType = file.storyboard; name = Base; path = Base.lproj/Main.storyboard; sourceTree = "<group>"; };
		25DC1463272DB537000413FD /* Base */ = {isa = PBXFileReference; lastKnownFileType = file.storyboard; name = Base; path = Base.lproj/LaunchScreen.storyboard; sourceTree = "<group>"; };
		25DC1465272DB537000413FD /* Info.plist */ = {isa = PBXFileReference; lastKnownFileType = text.plist.xml; path = Info.plist; sourceTree = "<group>"; };
		25DC146A272DB537000413FD /* MVP test-projectTests.xctest */ = {isa = PBXFileReference; explicitFileType = wrapper.cfbundle; includeInIndex = 0; path = "MVP test-projectTests.xctest"; sourceTree = BUILT_PRODUCTS_DIR; };
		25DC146E272DB537000413FD /* MVP_test_projectTests.swift */ = {isa = PBXFileReference; lastKnownFileType = sourcecode.swift; path = MVP_test_projectTests.swift; sourceTree = "<group>"; };
		25DC1474272DB537000413FD /* MVP test-projectUITests.xctest */ = {isa = PBXFileReference; explicitFileType = wrapper.cfbundle; includeInIndex = 0; path = "MVP test-projectUITests.xctest"; sourceTree = BUILT_PRODUCTS_DIR; };
		25DC1478272DB537000413FD /* MVP_test_projectUITests.swift */ = {isa = PBXFileReference; lastKnownFileType = sourcecode.swift; path = MVP_test_projectUITests.swift; sourceTree = "<group>"; };
		25DC147A272DB537000413FD /* MVP_test_projectUITestsLaunchTests.swift */ = {isa = PBXFileReference; lastKnownFileType = sourcecode.swift; path = MVP_test_projectUITestsLaunchTests.swift; sourceTree = "<group>"; };
		25DC148B272DB56D000413FD /* Movie.swift */ = {isa = PBXFileReference; fileEncoding = 4; lastKnownFileType = sourcecode.swift; path = Movie.swift; sourceTree = "<group>"; };
		25DC148E272DB574000413FD /* APIMapping.swift */ = {isa = PBXFileReference; fileEncoding = 4; lastKnownFileType = sourcecode.swift; path = APIMapping.swift; sourceTree = "<group>"; };
		25DC148F272DB574000413FD /* NetworkService.swift */ = {isa = PBXFileReference; fileEncoding = 4; lastKnownFileType = sourcecode.swift; path = NetworkService.swift; sourceTree = "<group>"; };
		25DC1492272DB59A000413FD /* MovieListViewModel.swift */ = {isa = PBXFileReference; lastKnownFileType = sourcecode.swift; path = MovieListViewModel.swift; sourceTree = "<group>"; };
		25DC1495272DB5B2000413FD /* MovieService.swift */ = {isa = PBXFileReference; fileEncoding = 4; lastKnownFileType = sourcecode.swift; path = MovieService.swift; sourceTree = "<group>"; };
		25DC1496272DB5B2000413FD /* MovieCell.swift */ = {isa = PBXFileReference; fileEncoding = 4; lastKnownFileType = sourcecode.swift; path = MovieCell.swift; sourceTree = "<group>"; };
		2CF372C3E9D4E9EB160B58C9 /* Pods-MVP test-project-MVP test-projectUITests.debug.xcconfig */ = {isa = PBXFileReference; includeInIndex = 1; lastKnownFileType = text.xcconfig; name = "Pods-MVP test-project-MVP test-projectUITests.debug.xcconfig"; path = "Target Support Files/Pods-MVP test-project-MVP test-projectUITests/Pods-MVP test-project-MVP test-projectUITests.debug.xcconfig"; sourceTree = "<group>"; };
		5F6B33E7CCB41ED1E0CD809A /* Pods_MVP_test_project_MVP_test_projectUITests.framework */ = {isa = PBXFileReference; explicitFileType = wrapper.framework; includeInIndex = 0; path = Pods_MVP_test_project_MVP_test_projectUITests.framework; sourceTree = BUILT_PRODUCTS_DIR; };
		6E7C57A9DB0A758037454A35 /* Pods-MVP test-projectTests.debug.xcconfig */ = {isa = PBXFileReference; includeInIndex = 1; lastKnownFileType = text.xcconfig; name = "Pods-MVP test-projectTests.debug.xcconfig"; path = "Target Support Files/Pods-MVP test-projectTests/Pods-MVP test-projectTests.debug.xcconfig"; sourceTree = "<group>"; };
		8353F896B6358444C3EAAFFD /* Pods-MVP test-project.release.xcconfig */ = {isa = PBXFileReference; includeInIndex = 1; lastKnownFileType = text.xcconfig; name = "Pods-MVP test-project.release.xcconfig"; path = "Target Support Files/Pods-MVP test-project/Pods-MVP test-project.release.xcconfig"; sourceTree = "<group>"; };
		92080642588D904CAD962CD8 /* Pods-MVP test-project.debug.xcconfig */ = {isa = PBXFileReference; includeInIndex = 1; lastKnownFileType = text.xcconfig; name = "Pods-MVP test-project.debug.xcconfig"; path = "Target Support Files/Pods-MVP test-project/Pods-MVP test-project.debug.xcconfig"; sourceTree = "<group>"; };
		D39D9D1407BCC4C8CC320957 /* Pods-MVP test-project-MVP test-projectUITests.release.xcconfig */ = {isa = PBXFileReference; includeInIndex = 1; lastKnownFileType = text.xcconfig; name = "Pods-MVP test-project-MVP test-projectUITests.release.xcconfig"; path = "Target Support Files/Pods-MVP test-project-MVP test-projectUITests/Pods-MVP test-project-MVP test-projectUITests.release.xcconfig"; sourceTree = "<group>"; };
/* End PBXFileReference section */

/* Begin PBXFrameworksBuildPhase section */
		25DC1451272DB534000413FD /* Frameworks */ = {
			isa = PBXFrameworksBuildPhase;
			buildActionMask = 2147483647;
			files = (
				86BE48BF0CD849F58EE3E02A /* Pods_MVP_test_project.framework in Frameworks */,
			);
			runOnlyForDeploymentPostprocessing = 0;
		};
		25DC1467272DB537000413FD /* Frameworks */ = {
			isa = PBXFrameworksBuildPhase;
			buildActionMask = 2147483647;
			files = (
				15CDD25E017631EB44F40CFB /* Pods_MVP_test_projectTests.framework in Frameworks */,
			);
			runOnlyForDeploymentPostprocessing = 0;
		};
		25DC1471272DB537000413FD /* Frameworks */ = {
			isa = PBXFrameworksBuildPhase;
			buildActionMask = 2147483647;
			files = (
				872AF31B674457A14F56DEEA /* Pods_MVP_test_project_MVP_test_projectUITests.framework in Frameworks */,
			);
			runOnlyForDeploymentPostprocessing = 0;
		};
/* End PBXFrameworksBuildPhase section */

/* Begin PBXGroup section */
		2584CBB1272FEDAB00F86AE9 /* Helpers */ = {
			isa = PBXGroup;
			children = (
				25B837EF272DB893000C4481 /* Constants.swift */,
				2584CBB2272FEE0900F86AE9 /* DatabaseService.swift */,
				2584CBB72730043B00F86AE9 /* Reachability.swift */,
				2584CBB4272FEE2F00F86AE9 /* Movies.xcdatamodeld */,
			);
			path = Helpers;
			sourceTree = "<group>";
		};
		25B837F1272DBF57000C4481 /* MovieDetails */ = {
			isa = PBXGroup;
			children = (
				25B837F2272DBF6E000C4481 /* DetailsViewController.swift */,
				25B837F4272DBF77000C4481 /* DetailsViewModel.swift */,
				25B837F6272DBF7F000C4481 /* DetailsService.swift */,
			);
			path = MovieDetails;
			sourceTree = "<group>";
		};
		25DC144B272DB534000413FD = {
			isa = PBXGroup;
			children = (
				25DC1456272DB534000413FD /* MVP test-project */,
				25DC146D272DB537000413FD /* MVP test-projectTests */,
				25DC1477272DB537000413FD /* MVP test-projectUITests */,
				25DC1455272DB534000413FD /* Products */,
				71954236539FE3CDE4A2C077 /* Pods */,
				4AB29993343B030A0DE407DA /* Frameworks */,
			);
			sourceTree = "<group>";
		};
		25DC1455272DB534000413FD /* Products */ = {
			isa = PBXGroup;
			children = (
				25DC1454272DB534000413FD /* MVP test-project.app */,
				25DC146A272DB537000413FD /* MVP test-projectTests.xctest */,
				25DC1474272DB537000413FD /* MVP test-projectUITests.xctest */,
			);
			name = Products;
			sourceTree = "<group>";
		};
		25DC1456272DB534000413FD /* MVP test-project */ = {
			isa = PBXGroup;
			children = (
				25DC1457272DB534000413FD /* AppDelegate.swift */,
				25DC1459272DB534000413FD /* SceneDelegate.swift */,
				2584CBB1272FEDAB00F86AE9 /* Helpers */,
				25DC148A272DB56D000413FD /* Model */,
				25DC148D272DB574000413FD /* Networking */,
				25DC1494272DB5A4000413FD /* MovieList */,
				25B837F1272DBF57000C4481 /* MovieDetails */,
				25DC145D272DB534000413FD /* Main.storyboard */,
				25DC1462272DB537000413FD /* LaunchScreen.storyboard */,
				25B837FA272DC9EE000C4481 /* Assets.xcassets */,
				25DC1465272DB537000413FD /* Info.plist */,
			);
			path = "MVP test-project";
			sourceTree = "<group>";
		};
		25DC146D272DB537000413FD /* MVP test-projectTests */ = {
			isa = PBXGroup;
			children = (
				25DC146E272DB537000413FD /* MVP_test_projectTests.swift */,
			);
			path = "MVP test-projectTests";
			sourceTree = "<group>";
		};
		25DC1477272DB537000413FD /* MVP test-projectUITests */ = {
			isa = PBXGroup;
			children = (
				25DC1478272DB537000413FD /* MVP_test_projectUITests.swift */,
				25DC147A272DB537000413FD /* MVP_test_projectUITestsLaunchTests.swift */,
			);
			path = "MVP test-projectUITests";
			sourceTree = "<group>";
		};
		25DC148A272DB56D000413FD /* Model */ = {
			isa = PBXGroup;
			children = (
				25DC148B272DB56D000413FD /* Movie.swift */,
			);
			path = Model;
			sourceTree = "<group>";
		};
		25DC148D272DB574000413FD /* Networking */ = {
			isa = PBXGroup;
			children = (
				25DC148E272DB574000413FD /* APIMapping.swift */,
				25DC148F272DB574000413FD /* NetworkService.swift */,
			);
			path = Networking;
			sourceTree = "<group>";
		};
		25DC1494272DB5A4000413FD /* MovieList */ = {
			isa = PBXGroup;
			children = (
				25DC145B272DB534000413FD /* MovieListViewController.swift */,
				25DC1492272DB59A000413FD /* MovieListViewModel.swift */,
				25DC1496272DB5B2000413FD /* MovieCell.swift */,
				25DC1495272DB5B2000413FD /* MovieService.swift */,
			);
			path = MovieList;
			sourceTree = "<group>";
		};
		4AB29993343B030A0DE407DA /* Frameworks */ = {
			isa = PBXGroup;
			children = (
				15C022CBD578BA1E0E10B5E3 /* Pods_MVP_test_project.framework */,
				5F6B33E7CCB41ED1E0CD809A /* Pods_MVP_test_project_MVP_test_projectUITests.framework */,
				182881CACD1EB98D75774DFD /* Pods_MVP_test_projectTests.framework */,
			);
			name = Frameworks;
			sourceTree = "<group>";
		};
		71954236539FE3CDE4A2C077 /* Pods */ = {
			isa = PBXGroup;
			children = (
				92080642588D904CAD962CD8 /* Pods-MVP test-project.debug.xcconfig */,
				8353F896B6358444C3EAAFFD /* Pods-MVP test-project.release.xcconfig */,
				2CF372C3E9D4E9EB160B58C9 /* Pods-MVP test-project-MVP test-projectUITests.debug.xcconfig */,
				D39D9D1407BCC4C8CC320957 /* Pods-MVP test-project-MVP test-projectUITests.release.xcconfig */,
				6E7C57A9DB0A758037454A35 /* Pods-MVP test-projectTests.debug.xcconfig */,
				04225D2C5AF322F31350DC94 /* Pods-MVP test-projectTests.release.xcconfig */,
			);
			path = Pods;
			sourceTree = "<group>";
		};
/* End PBXGroup section */

/* Begin PBXNativeTarget section */
		25DC1453272DB534000413FD /* MVP test-project */ = {
			isa = PBXNativeTarget;
			buildConfigurationList = 25DC147E272DB537000413FD /* Build configuration list for PBXNativeTarget "MVP test-project" */;
			buildPhases = (
				2AB979FF3F41C0D6B267DA94 /* [CP] Check Pods Manifest.lock */,
				25DC1450272DB534000413FD /* Sources */,
				25DC1451272DB534000413FD /* Frameworks */,
				25DC1452272DB534000413FD /* Resources */,
				F47043C85D046B8F171ECE7B /* [CP] Embed Pods Frameworks */,
			);
			buildRules = (
			);
			dependencies = (
			);
			name = "MVP test-project";
			productName = "MVP test-project";
			productReference = 25DC1454272DB534000413FD /* MVP test-project.app */;
			productType = "com.apple.product-type.application";
		};
		25DC1469272DB537000413FD /* MVP test-projectTests */ = {
			isa = PBXNativeTarget;
			buildConfigurationList = 25DC1481272DB537000413FD /* Build configuration list for PBXNativeTarget "MVP test-projectTests" */;
			buildPhases = (
				C0DCF55B87B4B090F8B12FD5 /* [CP] Check Pods Manifest.lock */,
				25DC1466272DB537000413FD /* Sources */,
				25DC1467272DB537000413FD /* Frameworks */,
				25DC1468272DB537000413FD /* Resources */,
			);
			buildRules = (
			);
			dependencies = (
				25DC146C272DB537000413FD /* PBXTargetDependency */,
			);
			name = "MVP test-projectTests";
			productName = "MVP test-projectTests";
			productReference = 25DC146A272DB537000413FD /* MVP test-projectTests.xctest */;
			productType = "com.apple.product-type.bundle.unit-test";
		};
		25DC1473272DB537000413FD /* MVP test-projectUITests */ = {
			isa = PBXNativeTarget;
			buildConfigurationList = 25DC1484272DB537000413FD /* Build configuration list for PBXNativeTarget "MVP test-projectUITests" */;
			buildPhases = (
				2418C926E891D01FD25AC2BB /* [CP] Check Pods Manifest.lock */,
				25DC1470272DB537000413FD /* Sources */,
				25DC1471272DB537000413FD /* Frameworks */,
				25DC1472272DB537000413FD /* Resources */,
				71BBFF4CE7339B71205AF7ED /* [CP] Embed Pods Frameworks */,
			);
			buildRules = (
			);
			dependencies = (
				25DC1476272DB537000413FD /* PBXTargetDependency */,
			);
			name = "MVP test-projectUITests";
			productName = "MVP test-projectUITests";
			productReference = 25DC1474272DB537000413FD /* MVP test-projectUITests.xctest */;
			productType = "com.apple.product-type.bundle.ui-testing";
		};
/* End PBXNativeTarget section */

/* Begin PBXProject section */
		25DC144C272DB534000413FD /* Project object */ = {
			isa = PBXProject;
			attributes = {
				BuildIndependentTargetsInParallel = 1;
				LastSwiftUpdateCheck = 1310;
				LastUpgradeCheck = 1310;
				TargetAttributes = {
					25DC1453272DB534000413FD = {
						CreatedOnToolsVersion = 13.1;
					};
					25DC1469272DB537000413FD = {
						CreatedOnToolsVersion = 13.1;
						TestTargetID = 25DC1453272DB534000413FD;
					};
					25DC1473272DB537000413FD = {
						CreatedOnToolsVersion = 13.1;
						TestTargetID = 25DC1453272DB534000413FD;
					};
				};
			};
			buildConfigurationList = 25DC144F272DB534000413FD /* Build configuration list for PBXProject "MVP test-project" */;
			compatibilityVersion = "Xcode 13.0";
			developmentRegion = en;
			hasScannedForEncodings = 0;
			knownRegions = (
				en,
				Base,
			);
			mainGroup = 25DC144B272DB534000413FD;
			productRefGroup = 25DC1455272DB534000413FD /* Products */;
			projectDirPath = "";
			projectRoot = "";
			targets = (
				25DC1453272DB534000413FD /* MVP test-project */,
				25DC1469272DB537000413FD /* MVP test-projectTests */,
				25DC1473272DB537000413FD /* MVP test-projectUITests */,
			);
		};
/* End PBXProject section */

/* Begin PBXResourcesBuildPhase section */
		25DC1452272DB534000413FD /* Resources */ = {
			isa = PBXResourcesBuildPhase;
			buildActionMask = 2147483647;
			files = (
				25DC1464272DB537000413FD /* LaunchScreen.storyboard in Resources */,
				25B837FB272DC9EE000C4481 /* Assets.xcassets in Resources */,
				25DC145F272DB534000413FD /* Main.storyboard in Resources */,
			);
			runOnlyForDeploymentPostprocessing = 0;
		};
		25DC1468272DB537000413FD /* Resources */ = {
			isa = PBXResourcesBuildPhase;
			buildActionMask = 2147483647;
			files = (
			);
			runOnlyForDeploymentPostprocessing = 0;
		};
		25DC1472272DB537000413FD /* Resources */ = {
			isa = PBXResourcesBuildPhase;
			buildActionMask = 2147483647;
			files = (
			);
			runOnlyForDeploymentPostprocessing = 0;
		};
/* End PBXResourcesBuildPhase section */

/* Begin PBXShellScriptBuildPhase section */
		2418C926E891D01FD25AC2BB /* [CP] Check Pods Manifest.lock */ = {
			isa = PBXShellScriptBuildPhase;
			buildActionMask = 2147483647;
			files = (
			);
			inputFileListPaths = (
			);
			inputPaths = (
				"${PODS_PODFILE_DIR_PATH}/Podfile.lock",
				"${PODS_ROOT}/Manifest.lock",
			);
			name = "[CP] Check Pods Manifest.lock";
			outputFileListPaths = (
			);
			outputPaths = (
				"$(DERIVED_FILE_DIR)/Pods-MVP test-project-MVP test-projectUITests-checkManifestLockResult.txt",
			);
			runOnlyForDeploymentPostprocessing = 0;
			shellPath = /bin/sh;
			shellScript = "diff \"${PODS_PODFILE_DIR_PATH}/Podfile.lock\" \"${PODS_ROOT}/Manifest.lock\" > /dev/null\nif [ $? != 0 ] ; then\n    # print error to STDERR\n    echo \"error: The sandbox is not in sync with the Podfile.lock. Run 'pod install' or update your CocoaPods installation.\" >&2\n    exit 1\nfi\n# This output is used by Xcode 'outputs' to avoid re-running this script phase.\necho \"SUCCESS\" > \"${SCRIPT_OUTPUT_FILE_0}\"\n";
			showEnvVarsInLog = 0;
		};
		2AB979FF3F41C0D6B267DA94 /* [CP] Check Pods Manifest.lock */ = {
			isa = PBXShellScriptBuildPhase;
			buildActionMask = 2147483647;
			files = (
			);
			inputFileListPaths = (
			);
			inputPaths = (
				"${PODS_PODFILE_DIR_PATH}/Podfile.lock",
				"${PODS_ROOT}/Manifest.lock",
			);
			name = "[CP] Check Pods Manifest.lock";
			outputFileListPaths = (
			);
			outputPaths = (
				"$(DERIVED_FILE_DIR)/Pods-MVP test-project-checkManifestLockResult.txt",
			);
			runOnlyForDeploymentPostprocessing = 0;
			shellPath = /bin/sh;
			shellScript = "diff \"${PODS_PODFILE_DIR_PATH}/Podfile.lock\" \"${PODS_ROOT}/Manifest.lock\" > /dev/null\nif [ $? != 0 ] ; then\n    # print error to STDERR\n    echo \"error: The sandbox is not in sync with the Podfile.lock. Run 'pod install' or update your CocoaPods installation.\" >&2\n    exit 1\nfi\n# This output is used by Xcode 'outputs' to avoid re-running this script phase.\necho \"SUCCESS\" > \"${SCRIPT_OUTPUT_FILE_0}\"\n";
			showEnvVarsInLog = 0;
		};
		71BBFF4CE7339B71205AF7ED /* [CP] Embed Pods Frameworks */ = {
			isa = PBXShellScriptBuildPhase;
			buildActionMask = 2147483647;
			files = (
			);
			inputFileListPaths = (
				"${PODS_ROOT}/Target Support Files/Pods-MVP test-project-MVP test-projectUITests/Pods-MVP test-project-MVP test-projectUITests-frameworks-${CONFIGURATION}-input-files.xcfilelist",
			);
			name = "[CP] Embed Pods Frameworks";
			outputFileListPaths = (
				"${PODS_ROOT}/Target Support Files/Pods-MVP test-project-MVP test-projectUITests/Pods-MVP test-project-MVP test-projectUITests-frameworks-${CONFIGURATION}-output-files.xcfilelist",
			);
			runOnlyForDeploymentPostprocessing = 0;
			shellPath = /bin/sh;
			shellScript = "\"${PODS_ROOT}/Target Support Files/Pods-MVP test-project-MVP test-projectUITests/Pods-MVP test-project-MVP test-projectUITests-frameworks.sh\"\n";
			showEnvVarsInLog = 0;
		};
		C0DCF55B87B4B090F8B12FD5 /* [CP] Check Pods Manifest.lock */ = {
			isa = PBXShellScriptBuildPhase;
			buildActionMask = 2147483647;
			files = (
			);
			inputFileListPaths = (
			);
			inputPaths = (
				"${PODS_PODFILE_DIR_PATH}/Podfile.lock",
				"${PODS_ROOT}/Manifest.lock",
			);
			name = "[CP] Check Pods Manifest.lock";
			outputFileListPaths = (
			);
			outputPaths = (
				"$(DERIVED_FILE_DIR)/Pods-MVP test-projectTests-checkManifestLockResult.txt",
			);
			runOnlyForDeploymentPostprocessing = 0;
			shellPath = /bin/sh;
			shellScript = "diff \"${PODS_PODFILE_DIR_PATH}/Podfile.lock\" \"${PODS_ROOT}/Manifest.lock\" > /dev/null\nif [ $? != 0 ] ; then\n    # print error to STDERR\n    echo \"error: The sandbox is not in sync with the Podfile.lock. Run 'pod install' or update your CocoaPods installation.\" >&2\n    exit 1\nfi\n# This output is used by Xcode 'outputs' to avoid re-running this script phase.\necho \"SUCCESS\" > \"${SCRIPT_OUTPUT_FILE_0}\"\n";
			showEnvVarsInLog = 0;
		};
		F47043C85D046B8F171ECE7B /* [CP] Embed Pods Frameworks */ = {
			isa = PBXShellScriptBuildPhase;
			buildActionMask = 2147483647;
			files = (
			);
			inputFileListPaths = (
				"${PODS_ROOT}/Target Support Files/Pods-MVP test-project/Pods-MVP test-project-frameworks-${CONFIGURATION}-input-files.xcfilelist",
			);
			name = "[CP] Embed Pods Frameworks";
			outputFileListPaths = (
				"${PODS_ROOT}/Target Support Files/Pods-MVP test-project/Pods-MVP test-project-frameworks-${CONFIGURATION}-output-files.xcfilelist",
			);
			runOnlyForDeploymentPostprocessing = 0;
			shellPath = /bin/sh;
			shellScript = "\"${PODS_ROOT}/Target Support Files/Pods-MVP test-project/Pods-MVP test-project-frameworks.sh\"\n";
			showEnvVarsInLog = 0;
		};
/* End PBXShellScriptBuildPhase section */

/* Begin PBXSourcesBuildPhase section */
		25DC1450272DB534000413FD /* Sources */ = {
			isa = PBXSourcesBuildPhase;
			buildActionMask = 2147483647;
			files = (
				25DC145C272DB534000413FD /* MovieListViewController.swift in Sources */,
				25B837F0272DB893000C4481 /* Constants.swift in Sources */,
				25B837F7272DBF7F000C4481 /* DetailsService.swift in Sources */,
				25DC1458272DB534000413FD /* AppDelegate.swift in Sources */,
				25B837F5272DBF77000C4481 /* DetailsViewModel.swift in Sources */,
				2584CBB82730043B00F86AE9 /* Reachability.swift in Sources */,
				2584CBB3272FEE0900F86AE9 /* DatabaseService.swift in Sources */,
				25DC1493272DB59A000413FD /* MovieListViewModel.swift in Sources */,
				25DC1490272DB574000413FD /* APIMapping.swift in Sources */,
				25DC145A272DB534000413FD /* SceneDelegate.swift in Sources */,
				25DC1497272DB5B2000413FD /* MovieService.swift in Sources */,
				2584CBB6272FEE2F00F86AE9 /* Movies.xcdatamodeld in Sources */,
				25DC148C272DB56D000413FD /* Movie.swift in Sources */,
				25DC1498272DB5B2000413FD /* MovieCell.swift in Sources */,
				25DC1491272DB574000413FD /* NetworkService.swift in Sources */,
				25B837F3272DBF6E000C4481 /* DetailsViewController.swift in Sources */,
			);
			runOnlyForDeploymentPostprocessing = 0;
		};
		25DC1466272DB537000413FD /* Sources */ = {
			isa = PBXSourcesBuildPhase;
			buildActionMask = 2147483647;
			files = (
				25DC146F272DB537000413FD /* MVP_test_projectTests.swift in Sources */,
			);
			runOnlyForDeploymentPostprocessing = 0;
		};
		25DC1470272DB537000413FD /* Sources */ = {
			isa = PBXSourcesBuildPhase;
			buildActionMask = 2147483647;
			files = (
				25DC147B272DB537000413FD /* MVP_test_projectUITestsLaunchTests.swift in Sources */,
				25DC1479272DB537000413FD /* MVP_test_projectUITests.swift in Sources */,
			);
			runOnlyForDeploymentPostprocessing = 0;
		};
/* End PBXSourcesBuildPhase section */

/* Begin PBXTargetDependency section */
		25DC146C272DB537000413FD /* PBXTargetDependency */ = {
			isa = PBXTargetDependency;
			target = 25DC1453272DB534000413FD /* MVP test-project */;
			targetProxy = 25DC146B272DB537000413FD /* PBXContainerItemProxy */;
		};
		25DC1476272DB537000413FD /* PBXTargetDependency */ = {
			isa = PBXTargetDependency;
			target = 25DC1453272DB534000413FD /* MVP test-project */;
			targetProxy = 25DC1475272DB537000413FD /* PBXContainerItemProxy */;
		};
/* End PBXTargetDependency section */

/* Begin PBXVariantGroup section */
		25DC145D272DB534000413FD /* Main.storyboard */ = {
			isa = PBXVariantGroup;
			children = (
				25DC145E272DB534000413FD /* Base */,
			);
			name = Main.storyboard;
			sourceTree = "<group>";
		};
		25DC1462272DB537000413FD /* LaunchScreen.storyboard */ = {
			isa = PBXVariantGroup;
			children = (
				25DC1463272DB537000413FD /* Base */,
			);
			name = LaunchScreen.storyboard;
			sourceTree = "<group>";
		};
/* End PBXVariantGroup section */

/* Begin XCBuildConfiguration section */
		25DC147C272DB537000413FD /* Debug */ = {
			isa = XCBuildConfiguration;
			buildSettings = {
				ALWAYS_SEARCH_USER_PATHS = NO;
				CLANG_ANALYZER_NONNULL = YES;
				CLANG_ANALYZER_NUMBER_OBJECT_CONVERSION = YES_AGGRESSIVE;
				CLANG_CXX_LANGUAGE_STANDARD = "gnu++17";
				CLANG_CXX_LIBRARY = "libc++";
				CLANG_ENABLE_MODULES = YES;
				CLANG_ENABLE_OBJC_ARC = YES;
				CLANG_ENABLE_OBJC_WEAK = YES;
				CLANG_WARN_BLOCK_CAPTURE_AUTORELEASING = YES;
				CLANG_WARN_BOOL_CONVERSION = YES;
				CLANG_WARN_COMMA = YES;
				CLANG_WARN_CONSTANT_CONVERSION = YES;
				CLANG_WARN_DEPRECATED_OBJC_IMPLEMENTATIONS = YES;
				CLANG_WARN_DIRECT_OBJC_ISA_USAGE = YES_ERROR;
				CLANG_WARN_DOCUMENTATION_COMMENTS = YES;
				CLANG_WARN_EMPTY_BODY = YES;
				CLANG_WARN_ENUM_CONVERSION = YES;
				CLANG_WARN_INFINITE_RECURSION = YES;
				CLANG_WARN_INT_CONVERSION = YES;
				CLANG_WARN_NON_LITERAL_NULL_CONVERSION = YES;
				CLANG_WARN_OBJC_IMPLICIT_RETAIN_SELF = YES;
				CLANG_WARN_OBJC_LITERAL_CONVERSION = YES;
				CLANG_WARN_OBJC_ROOT_CLASS = YES_ERROR;
				CLANG_WARN_QUOTED_INCLUDE_IN_FRAMEWORK_HEADER = YES;
				CLANG_WARN_RANGE_LOOP_ANALYSIS = YES;
				CLANG_WARN_STRICT_PROTOTYPES = YES;
				CLANG_WARN_SUSPICIOUS_MOVE = YES;
				CLANG_WARN_UNGUARDED_AVAILABILITY = YES_AGGRESSIVE;
				CLANG_WARN_UNREACHABLE_CODE = YES;
				CLANG_WARN__DUPLICATE_METHOD_MATCH = YES;
				COPY_PHASE_STRIP = NO;
				DEBUG_INFORMATION_FORMAT = dwarf;
				ENABLE_STRICT_OBJC_MSGSEND = YES;
				ENABLE_TESTABILITY = YES;
				GCC_C_LANGUAGE_STANDARD = gnu11;
				GCC_DYNAMIC_NO_PIC = NO;
				GCC_NO_COMMON_BLOCKS = YES;
				GCC_OPTIMIZATION_LEVEL = 0;
				GCC_PREPROCESSOR_DEFINITIONS = (
					"DEBUG=1",
					"$(inherited)",
				);
				GCC_WARN_64_TO_32_BIT_CONVERSION = YES;
				GCC_WARN_ABOUT_RETURN_TYPE = YES_ERROR;
				GCC_WARN_UNDECLARED_SELECTOR = YES;
				GCC_WARN_UNINITIALIZED_AUTOS = YES_AGGRESSIVE;
				GCC_WARN_UNUSED_FUNCTION = YES;
				GCC_WARN_UNUSED_VARIABLE = YES;
				IPHONEOS_DEPLOYMENT_TARGET = 15.0;
				MTL_ENABLE_DEBUG_INFO = INCLUDE_SOURCE;
				MTL_FAST_MATH = YES;
				ONLY_ACTIVE_ARCH = YES;
				SDKROOT = iphoneos;
				SWIFT_ACTIVE_COMPILATION_CONDITIONS = DEBUG;
				SWIFT_OPTIMIZATION_LEVEL = "-Onone";
			};
			name = Debug;
		};
		25DC147D272DB537000413FD /* Release */ = {
			isa = XCBuildConfiguration;
			buildSettings = {
				ALWAYS_SEARCH_USER_PATHS = NO;
				CLANG_ANALYZER_NONNULL = YES;
				CLANG_ANALYZER_NUMBER_OBJECT_CONVERSION = YES_AGGRESSIVE;
				CLANG_CXX_LANGUAGE_STANDARD = "gnu++17";
				CLANG_CXX_LIBRARY = "libc++";
				CLANG_ENABLE_MODULES = YES;
				CLANG_ENABLE_OBJC_ARC = YES;
				CLANG_ENABLE_OBJC_WEAK = YES;
				CLANG_WARN_BLOCK_CAPTURE_AUTORELEASING = YES;
				CLANG_WARN_BOOL_CONVERSION = YES;
				CLANG_WARN_COMMA = YES;
				CLANG_WARN_CONSTANT_CONVERSION = YES;
				CLANG_WARN_DEPRECATED_OBJC_IMPLEMENTATIONS = YES;
				CLANG_WARN_DIRECT_OBJC_ISA_USAGE = YES_ERROR;
				CLANG_WARN_DOCUMENTATION_COMMENTS = YES;
				CLANG_WARN_EMPTY_BODY = YES;
				CLANG_WARN_ENUM_CONVERSION = YES;
				CLANG_WARN_INFINITE_RECURSION = YES;
				CLANG_WARN_INT_CONVERSION = YES;
				CLANG_WARN_NON_LITERAL_NULL_CONVERSION = YES;
				CLANG_WARN_OBJC_IMPLICIT_RETAIN_SELF = YES;
				CLANG_WARN_OBJC_LITERAL_CONVERSION = YES;
				CLANG_WARN_OBJC_ROOT_CLASS = YES_ERROR;
				CLANG_WARN_QUOTED_INCLUDE_IN_FRAMEWORK_HEADER = YES;
				CLANG_WARN_RANGE_LOOP_ANALYSIS = YES;
				CLANG_WARN_STRICT_PROTOTYPES = YES;
				CLANG_WARN_SUSPICIOUS_MOVE = YES;
				CLANG_WARN_UNGUARDED_AVAILABILITY = YES_AGGRESSIVE;
				CLANG_WARN_UNREACHABLE_CODE = YES;
				CLANG_WARN__DUPLICATE_METHOD_MATCH = YES;
				COPY_PHASE_STRIP = NO;
				DEBUG_INFORMATION_FORMAT = "dwarf-with-dsym";
				ENABLE_NS_ASSERTIONS = NO;
				ENABLE_STRICT_OBJC_MSGSEND = YES;
				GCC_C_LANGUAGE_STANDARD = gnu11;
				GCC_NO_COMMON_BLOCKS = YES;
				GCC_WARN_64_TO_32_BIT_CONVERSION = YES;
				GCC_WARN_ABOUT_RETURN_TYPE = YES_ERROR;
				GCC_WARN_UNDECLARED_SELECTOR = YES;
				GCC_WARN_UNINITIALIZED_AUTOS = YES_AGGRESSIVE;
				GCC_WARN_UNUSED_FUNCTION = YES;
				GCC_WARN_UNUSED_VARIABLE = YES;
				IPHONEOS_DEPLOYMENT_TARGET = 15.0;
				MTL_ENABLE_DEBUG_INFO = NO;
				MTL_FAST_MATH = YES;
				SDKROOT = iphoneos;
				SWIFT_COMPILATION_MODE = wholemodule;
				SWIFT_OPTIMIZATION_LEVEL = "-O";
				VALIDATE_PRODUCT = YES;
			};
			name = Release;
		};
		25DC147F272DB537000413FD /* Debug */ = {
			isa = XCBuildConfiguration;
			baseConfigurationReference = 92080642588D904CAD962CD8 /* Pods-MVP test-project.debug.xcconfig */;
			buildSettings = {
				ASSETCATALOG_COMPILER_APPICON_NAME = AppIcon;
				ASSETCATALOG_COMPILER_GLOBAL_ACCENT_COLOR_NAME = AccentColor;
				CODE_SIGN_STYLE = Automatic;
				CURRENT_PROJECT_VERSION = 1;
				DEVELOPMENT_TEAM = R2UUJDWQT9;
				GENERATE_INFOPLIST_FILE = YES;
				INFOPLIST_FILE = "MVP test-project/Info.plist";
				INFOPLIST_KEY_UIApplicationSupportsIndirectInputEvents = YES;
				INFOPLIST_KEY_UILaunchStoryboardName = LaunchScreen;
				INFOPLIST_KEY_UIMainStoryboardFile = Main;
				INFOPLIST_KEY_UISupportedInterfaceOrientations_iPad = "UIInterfaceOrientationPortrait UIInterfaceOrientationPortraitUpsideDown UIInterfaceOrientationLandscapeLeft UIInterfaceOrientationLandscapeRight";
				INFOPLIST_KEY_UISupportedInterfaceOrientations_iPhone = "UIInterfaceOrientationPortrait UIInterfaceOrientationLandscapeLeft UIInterfaceOrientationLandscapeRight";
				LD_RUNPATH_SEARCH_PATHS = (
					"$(inherited)",
					"@executable_path/Frameworks",
				);
				MARKETING_VERSION = 1.0;
				PRODUCT_BUNDLE_IDENTIFIER = "com.test.edi.stern.MVP-test-project";
				PRODUCT_NAME = "$(TARGET_NAME)";
				SWIFT_EMIT_LOC_STRINGS = YES;
				SWIFT_VERSION = 5.0;
				TARGETED_DEVICE_FAMILY = "1,2";
			};
			name = Debug;
		};
		25DC1480272DB537000413FD /* Release */ = {
			isa = XCBuildConfiguration;
			baseConfigurationReference = 8353F896B6358444C3EAAFFD /* Pods-MVP test-project.release.xcconfig */;
			buildSettings = {
				ASSETCATALOG_COMPILER_APPICON_NAME = AppIcon;
				ASSETCATALOG_COMPILER_GLOBAL_ACCENT_COLOR_NAME = AccentColor;
				CODE_SIGN_STYLE = Automatic;
				CURRENT_PROJECT_VERSION = 1;
				DEVELOPMENT_TEAM = R2UUJDWQT9;
				GENERATE_INFOPLIST_FILE = YES;
				INFOPLIST_FILE = "MVP test-project/Info.plist";
				INFOPLIST_KEY_UIApplicationSupportsIndirectInputEvents = YES;
				INFOPLIST_KEY_UILaunchStoryboardName = LaunchScreen;
				INFOPLIST_KEY_UIMainStoryboardFile = Main;
				INFOPLIST_KEY_UISupportedInterfaceOrientations_iPad = "UIInterfaceOrientationPortrait UIInterfaceOrientationPortraitUpsideDown UIInterfaceOrientationLandscapeLeft UIInterfaceOrientationLandscapeRight";
				INFOPLIST_KEY_UISupportedInterfaceOrientations_iPhone = "UIInterfaceOrientationPortrait UIInterfaceOrientationLandscapeLeft UIInterfaceOrientationLandscapeRight";
				LD_RUNPATH_SEARCH_PATHS = (
					"$(inherited)",
					"@executable_path/Frameworks",
				);
				MARKETING_VERSION = 1.0;
				PRODUCT_BUNDLE_IDENTIFIER = "com.test.edi.stern.MVP-test-project";
				PRODUCT_NAME = "$(TARGET_NAME)";
				SWIFT_EMIT_LOC_STRINGS = YES;
				SWIFT_VERSION = 5.0;
				TARGETED_DEVICE_FAMILY = "1,2";
			};
			name = Release;
		};
		25DC1482272DB537000413FD /* Debug */ = {
			isa = XCBuildConfiguration;
			baseConfigurationReference = 6E7C57A9DB0A758037454A35 /* Pods-MVP test-projectTests.debug.xcconfig */;
			buildSettings = {
				ALWAYS_EMBED_SWIFT_STANDARD_LIBRARIES = YES;
				BUNDLE_LOADER = "$(TEST_HOST)";
				CODE_SIGN_STYLE = Automatic;
				CURRENT_PROJECT_VERSION = 1;
				DEVELOPMENT_TEAM = R2UUJDWQT9;
				GENERATE_INFOPLIST_FILE = YES;
				IPHONEOS_DEPLOYMENT_TARGET = 15.0;
				LD_RUNPATH_SEARCH_PATHS = (
					"$(inherited)",
					"@executable_path/Frameworks",
					"@loader_path/Frameworks",
				);
				MARKETING_VERSION = 1.0;
				PRODUCT_BUNDLE_IDENTIFIER = "com.test.edi.stern.MVP-test-projectTests";
				PRODUCT_NAME = "$(TARGET_NAME)";
				SWIFT_EMIT_LOC_STRINGS = NO;
				SWIFT_VERSION = 5.0;
				TARGETED_DEVICE_FAMILY = "1,2";
				TEST_HOST = "$(BUILT_PRODUCTS_DIR)/MVP test-project.app/MVP test-project";
			};
			name = Debug;
		};
		25DC1483272DB537000413FD /* Release */ = {
			isa = XCBuildConfiguration;
			baseConfigurationReference = 04225D2C5AF322F31350DC94 /* Pods-MVP test-projectTests.release.xcconfig */;
			buildSettings = {
				ALWAYS_EMBED_SWIFT_STANDARD_LIBRARIES = YES;
				BUNDLE_LOADER = "$(TEST_HOST)";
				CODE_SIGN_STYLE = Automatic;
				CURRENT_PROJECT_VERSION = 1;
				DEVELOPMENT_TEAM = R2UUJDWQT9;
				GENERATE_INFOPLIST_FILE = YES;
				IPHONEOS_DEPLOYMENT_TARGET = 15.0;
				LD_RUNPATH_SEARCH_PATHS = (
					"$(inherited)",
					"@executable_path/Frameworks",
					"@loader_path/Frameworks",
				);
				MARKETING_VERSION = 1.0;
				PRODUCT_BUNDLE_IDENTIFIER = "com.test.edi.stern.MVP-test-projectTests";
				PRODUCT_NAME = "$(TARGET_NAME)";
				SWIFT_EMIT_LOC_STRINGS = NO;
				SWIFT_VERSION = 5.0;
				TARGETED_DEVICE_FAMILY = "1,2";
				TEST_HOST = "$(BUILT_PRODUCTS_DIR)/MVP test-project.app/MVP test-project";
			};
			name = Release;
		};
		25DC1485272DB537000413FD /* Debug */ = {
			isa = XCBuildConfiguration;
			baseConfigurationReference = 2CF372C3E9D4E9EB160B58C9 /* Pods-MVP test-project-MVP test-projectUITests.debug.xcconfig */;
			buildSettings = {
				ALWAYS_EMBED_SWIFT_STANDARD_LIBRARIES = YES;
				CODE_SIGN_STYLE = Automatic;
				CURRENT_PROJECT_VERSION = 1;
				DEVELOPMENT_TEAM = R2UUJDWQT9;
				GENERATE_INFOPLIST_FILE = YES;
				LD_RUNPATH_SEARCH_PATHS = (
					"$(inherited)",
					"@executable_path/Frameworks",
					"@loader_path/Frameworks",
				);
				MARKETING_VERSION = 1.0;
				PRODUCT_BUNDLE_IDENTIFIER = "com.test.edi.stern.MVP-test-projectUITests";
				PRODUCT_NAME = "$(TARGET_NAME)";
				SWIFT_EMIT_LOC_STRINGS = NO;
				SWIFT_VERSION = 5.0;
				TARGETED_DEVICE_FAMILY = "1,2";
				TEST_TARGET_NAME = "MVP test-project";
			};
			name = Debug;
		};
		25DC1486272DB537000413FD /* Release */ = {
			isa = XCBuildConfiguration;
			baseConfigurationReference = D39D9D1407BCC4C8CC320957 /* Pods-MVP test-project-MVP test-projectUITests.release.xcconfig */;
			buildSettings = {
				ALWAYS_EMBED_SWIFT_STANDARD_LIBRARIES = YES;
				CODE_SIGN_STYLE = Automatic;
				CURRENT_PROJECT_VERSION = 1;
				DEVELOPMENT_TEAM = R2UUJDWQT9;
				GENERATE_INFOPLIST_FILE = YES;
				LD_RUNPATH_SEARCH_PATHS = (
					"$(inherited)",
					"@executable_path/Frameworks",
					"@loader_path/Frameworks",
				);
				MARKETING_VERSION = 1.0;
				PRODUCT_BUNDLE_IDENTIFIER = "com.test.edi.stern.MVP-test-projectUITests";
				PRODUCT_NAME = "$(TARGET_NAME)";
				SWIFT_EMIT_LOC_STRINGS = NO;
				SWIFT_VERSION = 5.0;
				TARGETED_DEVICE_FAMILY = "1,2";
				TEST_TARGET_NAME = "MVP test-project";
			};
			name = Release;
		};
/* End XCBuildConfiguration section */

/* Begin XCConfigurationList section */
		25DC144F272DB534000413FD /* Build configuration list for PBXProject "MVP test-project" */ = {
			isa = XCConfigurationList;
			buildConfigurations = (
				25DC147C272DB537000413FD /* Debug */,
				25DC147D272DB537000413FD /* Release */,
			);
			defaultConfigurationIsVisible = 0;
			defaultConfigurationName = Release;
		};
		25DC147E272DB537000413FD /* Build configuration list for PBXNativeTarget "MVP test-project" */ = {
			isa = XCConfigurationList;
			buildConfigurations = (
				25DC147F272DB537000413FD /* Debug */,
				25DC1480272DB537000413FD /* Release */,
			);
			defaultConfigurationIsVisible = 0;
			defaultConfigurationName = Release;
		};
		25DC1481272DB537000413FD /* Build configuration list for PBXNativeTarget "MVP test-projectTests" */ = {
			isa = XCConfigurationList;
			buildConfigurations = (
				25DC1482272DB537000413FD /* Debug */,
				25DC1483272DB537000413FD /* Release */,
			);
			defaultConfigurationIsVisible = 0;
			defaultConfigurationName = Release;
		};
		25DC1484272DB537000413FD /* Build configuration list for PBXNativeTarget "MVP test-projectUITests" */ = {
			isa = XCConfigurationList;
			buildConfigurations = (
				25DC1485272DB537000413FD /* Debug */,
				25DC1486272DB537000413FD /* Release */,
			);
			defaultConfigurationIsVisible = 0;
			defaultConfigurationName = Release;
		};
/* End XCConfigurationList section */

/* Begin XCVersionGroup section */
		2584CBB4272FEE2F00F86AE9 /* Movies.xcdatamodeld */ = {
			isa = XCVersionGroup;
			children = (
				2584CBB5272FEE2F00F86AE9 /* Model.xcdatamodel */,
			);
			currentVersion = 2584CBB5272FEE2F00F86AE9 /* Model.xcdatamodel */;
			path = Movies.xcdatamodeld;
			sourceTree = "<group>";
			versionGroupType = wrapper.xcdatamodel;
		};
/* End XCVersionGroup section */
	};
	rootObject = 25DC144C272DB534000413FD /* Project object */;
}
